
Microsoft Visual Studio Solution File, Format Version 12.00
# Visual Studio Version 17
VisualStudioVersion = 17.12.35527.113
MinimumVisualStudioVersion = 10.0.40219.1
Project("{FAE04EC0-301F-11D3-BF4B-00C04F79EFBC}") = "CleanArchMvc.Domain", "CleanArchMvc.Domain\CleanArchMvc.Domain.csproj", "{F761064D-4717-476C-B66D-E985D66A8B5D}"
EndProject
Project("{FAE04EC0-301F-11D3-BF4B-00C04F79EFBC}") = "CleanArchMvc.Application", "CleanArchMvc.Application\CleanArchMvc.Application.csproj", "{F0EB69FF-B7D7-4228-80D3-DB893F4A4858}"
EndProject
Project("{FAE04EC0-301F-11D3-BF4B-00C04F79EFBC}") = "CleanArchMvc.Infra.Data", "CleanArchMvc.Infra.Data\CleanArchMvc.Infra.Data.csproj", "{473BB445-7596-4B7B-9A92-A723C6215AFD}"
EndProject
Project("{FAE04EC0-301F-11D3-BF4B-00C04F79EFBC}") = "CleanArchMvc.Infra.IoC", "CleanArchMvc.Infra.IoC\CleanArchMvc.Infra.IoC.csproj", "{46625518-7264-42A6-9114-A4999FE64BFA}"
EndProject
Project("{FAE04EC0-301F-11D3-BF4B-00C04F79EFBC}") = "CleanArchMvc.WebUI", "CleanArchMvc.WebUI\CleanArchMvc.WebUI.csproj", "{75E84E59-2BFC-4D34-9DAE-4E482F26E130}"
EndProject
Project("{FAE04EC0-301F-11D3-BF4B-00C04F79EFBC}") = "CleanArchMvc.Domain.Tests", "CleanArchMvc.Domain.Tests\CleanArchMvc.Domain.Tests.csproj", "{4B3F6BAD-65E8-4192-803C-09C692A4FC5C}"
EndProject
Project("{FAE04EC0-301F-11D3-BF4B-00C04F79EFBC}") = "CleanArchMvc.API", "CleanArchMvc.API\CleanArchMvc.API.csproj", "{4F8FD798-7F7E-4440-B52E-1EC413C0577A}"
EndProject
Global
	GlobalSection(SolutionConfigurationPlatforms) = preSolution
		Debug|Any CPU = Debug|Any CPU
		Release|Any CPU = Release|Any CPU
	EndGlobalSection
	GlobalSection(ProjectConfigurationPlatforms) = postSolution
		{F761064D-4717-476C-B66D-E985D66A8B5D}.Debug|Any CPU.ActiveCfg = Debug|Any CPU
		{F761064D-4717-476C-B66D-E985D66A8B5D}.Debug|Any CPU.Build.0 = Debug|Any CPU
		{F761064D-4717-476C-B66D-E985D66A8B5D}.Release|Any CPU.ActiveCfg = Release|Any CPU
		{F761064D-4717-476C-B66D-E985D66A8B5D}.Release|Any CPU.Build.0 = Release|Any CPU
		{F0EB69FF-B7D7-4228-80D3-DB893F4A4858}.Debug|Any CPU.ActiveCfg = Debug|Any CPU
		{F0EB69FF-B7D7-4228-80D3-DB893F4A4858}.Debug|Any CPU.Build.0 = Debug|Any CPU
		{F0EB69FF-B7D7-4228-80D3-DB893F4A4858}.Release|Any CPU.ActiveCfg = Release|Any CPU
		{F0EB69FF-B7D7-4228-80D3-DB893F4A4858}.Release|Any CPU.Build.0 = Release|Any CPU
		{473BB445-7596-4B7B-9A92-A723C6215AFD}.Debug|Any CPU.ActiveCfg = Debug|Any CPU
		{473BB445-7596-4B7B-9A92-A723C6215AFD}.Debug|Any CPU.Build.0 = Debug|Any CPU
		{473BB445-7596-4B7B-9A92-A723C6215AFD}.Release|Any CPU.ActiveCfg = Release|Any CPU
		{473BB445-7596-4B7B-9A92-A723C6215AFD}.Release|Any CPU.Build.0 = Release|Any CPU
		{46625518-7264-42A6-9114-A4999FE64BFA}.Debug|Any CPU.ActiveCfg = Debug|Any CPU
		{46625518-7264-42A6-9114-A4999FE64BFA}.Debug|Any CPU.Build.0 = Debug|Any CPU
		{46625518-7264-42A6-9114-A4999FE64BFA}.Release|Any CPU.ActiveCfg = Release|Any CPU
		{46625518-7264-42A6-9114-A4999FE64BFA}.Release|Any CPU.Build.0 = Release|Any CPU
		{75E84E59-2BFC-4D34-9DAE-4E482F26E130}.Debug|Any CPU.ActiveCfg = Debug|Any CPU
		{75E84E59-2BFC-4D34-9DAE-4E482F26E130}.Debug|Any CPU.Build.0 = Debug|Any CPU
		{75E84E59-2BFC-4D34-9DAE-4E482F26E130}.Release|Any CPU.ActiveCfg = Release|Any CPU
		{75E84E59-2BFC-4D34-9DAE-4E482F26E130}.Release|Any CPU.Build.0 = Release|Any CPU
		{4B3F6BAD-65E8-4192-803C-09C692A4FC5C}.Debug|Any CPU.ActiveCfg = Debug|Any CPU
		{4B3F6BAD-65E8-4192-803C-09C692A4FC5C}.Debug|Any CPU.Build.0 = Debug|Any CPU
		{4B3F6BAD-65E8-4192-803C-09C692A4FC5C}.Release|Any CPU.ActiveCfg = Release|Any CPU
		{4B3F6BAD-65E8-4192-803C-09C692A4FC5C}.Release|Any CPU.Build.0 = Release|Any CPU
		{4F8FD798-7F7E-4440-B52E-1EC413C0577A}.Debug|Any CPU.ActiveCfg = Debug|Any CPU
		{4F8FD798-7F7E-4440-B52E-1EC413C0577A}.Debug|Any CPU.Build.0 = Debug|Any CPU
		{4F8FD798-7F7E-4440-B52E-1EC413C0577A}.Release|Any CPU.ActiveCfg = Release|Any CPU
		{4F8FD798-7F7E-4440-B52E-1EC413C0577A}.Release|Any CPU.Build.0 = Release|Any CPU
	EndGlobalSection
	GlobalSection(SolutionProperties) = preSolution
		HideSolutionNode = FALSE
	EndGlobalSection
EndGlobal
